{
  "name": "tsc-vue",
  "version": "1.0.0",
  "lockfileVersion": 2,
  "requires": true,
  "packages": {
    "": {
      "name": "tsc-vue",
      "version": "1.0.0",
      "license": "ISC",
      "workspaces": [
        "./packages/*"
      ]
    },
    "node_modules/@tsc-vue/components": {
      "resolved": "packages/components",
      "link": true
    },
    "node_modules/@tsc-vue/core": {
      "resolved": "packages/core",
      "link": true
    },
    "node_modules/typescript": {
      "version": "4.7.4",
      "resolved": "https://registry.npmjs.org/typescript/-/typescript-4.7.4.tgz",
      "integrity": "sha512-C0WQT0gezHuw6AdY1M2jxUO83Rjf0HP7Sk1DtXj6j1EwkQNZrHAg2XPWlq62oqEhYvONq5pkC2Y9oPljWToLmQ==",
      "dev": true,
      "bin": {
        "tsc": "bin/tsc",
        "tsserver": "bin/tsserver"
      },
      "engines": {
        "node": ">=4.2.0"
      }
    },
    "node_modules/vue": {
      "version": "2.6.14",
      "resolved": "https://registry.npmjs.org/vue/-/vue-2.6.14.tgz",
      "integrity": "sha512-x2284lgYvjOMj3Za7kqzRcUSxBboHqtgRE2zlos1qWaOye5yUmHn42LB1250NJBLRwEcdrB0JRwyPTEPhfQjiQ=="
    },
    "packages/components": {
      "name": "@tsc-vue/components",
      "version": "1.0.0",
      "license": "ISC",
      "dependencies": {
        "vue": "~2.6.14"
      },
      "devDependencies": {
        "typescript": "^4.7.4"
      }
    },
    "packages/core": {
      "name": "@tsc-vue/core",
      "version": "1.0.0",
      "license": "ISC",
      "devDependencies": {
        "typescript": "^4.7.4"
      }
    }
  },
  "dependencies": {
    "@tsc-vue/components": {
      "version": "file:packages/components",
      "requires": {
        "typescript": "*",
        "vue": "~2.6.14"
      }
    },
    "@tsc-vue/core": {
      "version": "file:packages/core",
      "requires": {
        "typescript": "^4.7.4"
      }
    },
    "typescript": {
      "version": "4.7.4",
      "resolved": "https://registry.npmjs.org/typescript/-/typescript-4.7.4.tgz",
      "integrity": "sha512-C0WQT0gezHuw6AdY1M2jxUO83Rjf0HP7Sk1DtXj6j1EwkQNZrHAg2XPWlq62oqEhYvONq5pkC2Y9oPljWToLmQ==",
      "dev": true
    },
    "vue": {
      "version": "2.6.14",
      "resolved": "https://registry.npmjs.org/vue/-/vue-2.6.14.tgz",
      "integrity": "sha512-x2284lgYvjOMj3Za7kqzRcUSxBboHqtgRE2zlos1qWaOye5yUmHn42LB1250NJBLRwEcdrB0JRwyPTEPhfQjiQ=="
    }
  }
}
